
Microsoft Visual Studio Solution File, Format Version 12.00
# Visual Studio Version 17
VisualStudioVersion = 17.14.36616.10
MinimumVisualStudioVersion = 10.0.40219.1
Project("{2150E333-8FDC-42A3-9474-1A3956D46DE8}") = "03 Infraestruture", "03 Infraestruture", "{02EA681E-C7D8-13C7-8484-4AC65E1B71E8}"
EndProject
Project("{2150E333-8FDC-42A3-9474-1A3956D46DE8}") = "Data", "Data", "{7768889E-B7AF-4669-8447-80213B47E5BF}"
EndProject
Project("{FAE04EC0-301F-11D3-BF4B-00C04F79EFBC}") = "EasyStock.Infra.Postgre", "EasyStock.Infra.Postgre\EasyStock.Infra.Postgre.csproj", "{69791A5D-417D-4723-A358-2DD0B0ED1B2C}"
EndProject
Project("{FAE04EC0-301F-11D3-BF4B-00C04F79EFBC}") = "EasyStock.Infra.MongoDb", "EasyStock.Infra.MongoDb\EasyStock.Infra.MongoDb.csproj", "{10B5EC75-6336-4142-8A12-A27780BCFF6A}"
EndProject
Project("{FAE04EC0-301F-11D3-BF4B-00C04F79EFBC}") = "EasyStock.Infra.Sqlite", "EasyStock.Infra.Sqlite\EasyStock.Infra.Sqlite.csproj", "{3D1F8A2E-9B4C-4E5D-A6F7-8C2B0D3E1A9F}"
EndProject
Project("{FAE04EC0-301F-11D3-BF4B-00C04F79EFBC}") = "EasyStock.Domain", "EasyStock.Domain\EasyStock.Domain.csproj", "{AAC1BA0C-3875-401A-BB11-58F472B6E39D}"
EndProject
Project("{FAE04EC0-301F-11D3-BF4B-00C04F79EFBC}") = "EasyStock.Application", "EasyStock.Application\EasyStock.Application.csproj", "{FEB2CDBC-477D-466C-8017-3FEBD6A2746B}"
EndProject
Project("{FAE04EC0-301F-11D3-BF4B-00C04F79EFBC}") = "EasyStock.Domain.Tests", "EasyStock.Domain.Tests\EasyStock.Domain.Tests.csproj", "{C6760B17-8190-48B0-98BF-B9711B7B12FC}"
EndProject
Project("{FAE04EC0-301F-11D3-BF4B-00C04F79EFBC}") = "EasyStock.Application.Tests", "EasyStock.Application.Tests\EasyStock.Application.Tests.csproj", "{E5324CFA-CDB8-491A-BE53-83D87E643DF9}"
EndProject
Project("{FAE04EC0-301F-11D3-BF4B-00C04F79EFBC}") = "EasyStock.Infra.Postgre.IntegrationTests", "EasyStock.Infra.Postgre.IntegrationTests\EasyStock.Infra.Postgre.IntegrationTests.csproj", "{0CCB0464-EA4F-4C7C-8C80-F256AC4EEC46}"
EndProject
Project("{FAE04EC0-301F-11D3-BF4B-00C04F79EFBC}") = "EasyStock.ArchitectureTests", "EasyStock.ArchitectureTests\EasyStock.ArchitectureTests.csproj", "{92859495-427B-4B27-B057-0C6755C64E36}"
EndProject
Project("{FAE04EC0-301F-11D3-BF4B-00C04F79EFBC}") = "EasyStock.Api.IntegrationTests", "EasyStock.Api.IntegrationTests\EasyStock.Api.IntegrationTests.csproj", "{E9400E1B-D41A-4A8E-895C-249CCE0E983F}"
EndProject
Project("{FAE04EC0-301F-11D3-BF4B-00C04F79EFBC}") = "EasyStock.Api", "EasyStock.Api\EasyStock.Api.csproj", "{904D92C8-436F-43AE-99E4-A07E160B3DF6}"
EndProject
Project("{FAE04EC0-301F-11D3-BF4B-00C04F79EFBC}") = "EasyStock.Api.UnitTests", "EasyStock.Api.UnitTests\EasyStock.Api.UnitTests.csproj", "{B66E1999-6687-403B-8210-F862AC3DD850}"
EndProject
Project("{FAE04EC0-301F-11D3-BF4B-00C04F79EFBC}") = "EasyStock.Infra.MongoDb.IntegrationTests", "EasyStock.Infra.MongoDb.IntegrationTests\EasyStock.Infra.MongoDb.IntegrationTests.csproj", "{77516DC4-9C41-4529-8069-6F82C0B9CAFD}"
EndProject
Project("{2150E333-8FDC-42A3-9474-1A3956D46DE8}") = "04 Tests", "04 Tests", "{7C88419E-0A17-44B0-BD63-6F8B0679E269}"
EndProject
Project("{2150E333-8FDC-42A3-9474-1A3956D46DE8}") = "01 UI", "01 UI", "{EF2630C7-6381-49C3-83F1-56AA3BB53CEC}"
EndProject
Project("{2150E333-8FDC-42A3-9474-1A3956D46DE8}") = "02 Core", "02 Core", "{0F8DEA35-3CE1-459F-B1FE-D117EF81FA50}"
EndProject
Project("{FAE04EC0-301F-11D3-BF4B-00C04F79EFBC}") = "EasyStock.Infra.Async", "EasyStock.Infra.Async\EasyStock.Infra.Async.csproj", "{41C68571-12C8-4B1D-B138-92BC04094736}"
EndProject
Project("{FAE04EC0-301F-11D3-BF4B-00C04F79EFBC}") = "EasyStock.Web", "EasyStock.Web\EasyStock.Web.csproj", "{8EFD9F48-F42F-497F-BE65-8C64B3BD3B20}"
EndProject
Project("{FAE04EC0-301F-11D3-BF4B-00C04F79EFBC}") = "EasyStock.Benchmarks", "EasyStock.Benchmarks\EasyStock.Benchmarks.csproj", "{1C078488-B608-423F-8FE7-6C4837611C56}"
EndProject
Global
	GlobalSection(SolutionConfigurationPlatforms) = preSolution
		Debug|Any CPU = Debug|Any CPU
		Debug|x64 = Debug|x64
		Debug|x86 = Debug|x86
		Release|Any CPU = Release|Any CPU
		Release|x64 = Release|x64
		Release|x86 = Release|x86
	EndGlobalSection
	GlobalSection(ProjectConfigurationPlatforms) = postSolution
		{69791A5D-417D-4723-A358-2DD0B0ED1B2C}.Debug|Any CPU.ActiveCfg = Debug|Any CPU
		{69791A5D-417D-4723-A358-2DD0B0ED1B2C}.Debug|Any CPU.Build.0 = Debug|Any CPU
		{69791A5D-417D-4723-A358-2DD0B0ED1B2C}.Debug|x64.ActiveCfg = Debug|Any CPU
		{69791A5D-417D-4723-A358-2DD0B0ED1B2C}.Debug|x64.Build.0 = Debug|Any CPU
		{69791A5D-417D-4723-A358-2DD0B0ED1B2C}.Debug|x86.ActiveCfg = Debug|Any CPU
		{69791A5D-417D-4723-A358-2DD0B0ED1B2C}.Debug|x86.Build.0 = Debug|Any CPU
		{69791A5D-417D-4723-A358-2DD0B0ED1B2C}.Release|Any CPU.ActiveCfg = Release|Any CPU
		{69791A5D-417D-4723-A358-2DD0B0ED1B2C}.Release|Any CPU.Build.0 = Release|Any CPU
		{69791A5D-417D-4723-A358-2DD0B0ED1B2C}.Release|x64.ActiveCfg = Release|Any CPU
		{69791A5D-417D-4723-A358-2DD0B0ED1B2C}.Release|x64.Build.0 = Release|Any CPU
		{69791A5D-417D-4723-A358-2DD0B0ED1B2C}.Release|x86.ActiveCfg = Release|Any CPU
		{69791A5D-417D-4723-A358-2DD0B0ED1B2C}.Release|x86.Build.0 = Release|Any CPU
		{10B5EC75-6336-4142-8A12-A27780BCFF6A}.Debug|Any CPU.ActiveCfg = Debug|Any CPU
		{10B5EC75-6336-4142-8A12-A27780BCFF6A}.Debug|Any CPU.Build.0 = Debug|Any CPU
		{10B5EC75-6336-4142-8A12-A27780BCFF6A}.Debug|x64.ActiveCfg = Debug|Any CPU
		{10B5EC75-6336-4142-8A12-A27780BCFF6A}.Debug|x64.Build.0 = Debug|Any CPU
		{10B5EC75-6336-4142-8A12-A27780BCFF6A}.Debug|x86.ActiveCfg = Debug|Any CPU
		{10B5EC75-6336-4142-8A12-A27780BCFF6A}.Debug|x86.Build.0 = Debug|Any CPU
		{10B5EC75-6336-4142-8A12-A27780BCFF6A}.Release|Any CPU.ActiveCfg = Release|Any CPU
		{10B5EC75-6336-4142-8A12-A27780BCFF6A}.Release|Any CPU.Build.0 = Release|Any CPU
		{10B5EC75-6336-4142-8A12-A27780BCFF6A}.Release|x64.ActiveCfg = Release|Any CPU
		{10B5EC75-6336-4142-8A12-A27780BCFF6A}.Release|x64.Build.0 = Release|Any CPU
		{10B5EC75-6336-4142-8A12-A27780BCFF6A}.Release|x86.ActiveCfg = Release|Any CPU
		{10B5EC75-6336-4142-8A12-A27780BCFF6A}.Release|x86.Build.0 = Release|Any CPU
		{3D1F8A2E-9B4C-4E5D-A6F7-8C2B0D3E1A9F}.Debug|Any CPU.ActiveCfg = Debug|Any CPU
		{3D1F8A2E-9B4C-4E5D-A6F7-8C2B0D3E1A9F}.Debug|Any CPU.Build.0 = Debug|Any CPU
		{3D1F8A2E-9B4C-4E5D-A6F7-8C2B0D3E1A9F}.Debug|x64.ActiveCfg = Debug|Any CPU
		{3D1F8A2E-9B4C-4E5D-A6F7-8C2B0D3E1A9F}.Debug|x64.Build.0 = Debug|Any CPU
		{3D1F8A2E-9B4C-4E5D-A6F7-8C2B0D3E1A9F}.Debug|x86.ActiveCfg = Debug|Any CPU
		{3D1F8A2E-9B4C-4E5D-A6F7-8C2B0D3E1A9F}.Debug|x86.Build.0 = Debug|Any CPU
		{3D1F8A2E-9B4C-4E5D-A6F7-8C2B0D3E1A9F}.Release|Any CPU.ActiveCfg = Release|Any CPU
		{3D1F8A2E-9B4C-4E5D-A6F7-8C2B0D3E1A9F}.Release|Any CPU.Build.0 = Release|Any CPU
		{3D1F8A2E-9B4C-4E5D-A6F7-8C2B0D3E1A9F}.Release|x64.ActiveCfg = Release|Any CPU
		{3D1F8A2E-9B4C-4E5D-A6F7-8C2B0D3E1A9F}.Release|x64.Build.0 = Release|Any CPU
		{3D1F8A2E-9B4C-4E5D-A6F7-8C2B0D3E1A9F}.Release|x86.ActiveCfg = Release|Any CPU
		{3D1F8A2E-9B4C-4E5D-A6F7-8C2B0D3E1A9F}.Release|x86.Build.0 = Release|Any CPU
		{AAC1BA0C-3875-401A-BB11-58F472B6E39D}.Debug|Any CPU.ActiveCfg = Debug|Any CPU
		{AAC1BA0C-3875-401A-BB11-58F472B6E39D}.Debug|Any CPU.Build.0 = Debug|Any CPU
		{AAC1BA0C-3875-401A-BB11-58F472B6E39D}.Debug|x64.ActiveCfg = Debug|Any CPU
		{AAC1BA0C-3875-401A-BB11-58F472B6E39D}.Debug|x64.Build.0 = Debug|Any CPU
		{AAC1BA0C-3875-401A-BB11-58F472B6E39D}.Debug|x86.ActiveCfg = Debug|Any CPU
		{AAC1BA0C-3875-401A-BB11-58F472B6E39D}.Debug|x86.Build.0 = Debug|Any CPU
		{AAC1BA0C-3875-401A-BB11-58F472B6E39D}.Release|Any CPU.ActiveCfg = Release|Any CPU
		{AAC1BA0C-3875-401A-BB11-58F472B6E39D}.Release|Any CPU.Build.0 = Release|Any CPU
		{AAC1BA0C-3875-401A-BB11-58F472B6E39D}.Release|x64.ActiveCfg = Release|Any CPU
		{AAC1BA0C-3875-401A-BB11-58F472B6E39D}.Release|x64.Build.0 = Release|Any CPU
		{AAC1BA0C-3875-401A-BB11-58F472B6E39D}.Release|x86.ActiveCfg = Release|Any CPU
		{AAC1BA0C-3875-401A-BB11-58F472B6E39D}.Release|x86.Build.0 = Release|Any CPU
		{FEB2CDBC-477D-466C-8017-3FEBD6A2746B}.Debug|Any CPU.ActiveCfg = Debug|Any CPU
		{FEB2CDBC-477D-466C-8017-3FEBD6A2746B}.Debug|Any CPU.Build.0 = Debug|Any CPU
		{FEB2CDBC-477D-466C-8017-3FEBD6A2746B}.Debug|x64.ActiveCfg = Debug|Any CPU
		{FEB2CDBC-477D-466C-8017-3FEBD6A2746B}.Debug|x64.Build.0 = Debug|Any CPU
		{FEB2CDBC-477D-466C-8017-3FEBD6A2746B}.Debug|x86.ActiveCfg = Debug|Any CPU
		{FEB2CDBC-477D-466C-8017-3FEBD6A2746B}.Debug|x86.Build.0 = Debug|Any CPU
		{FEB2CDBC-477D-466C-8017-3FEBD6A2746B}.Release|Any CPU.ActiveCfg = Release|Any CPU
		{FEB2CDBC-477D-466C-8017-3FEBD6A2746B}.Release|Any CPU.Build.0 = Release|Any CPU
		{FEB2CDBC-477D-466C-8017-3FEBD6A2746B}.Release|x64.ActiveCfg = Release|Any CPU
		{FEB2CDBC-477D-466C-8017-3FEBD6A2746B}.Release|x64.Build.0 = Release|Any CPU
		{FEB2CDBC-477D-466C-8017-3FEBD6A2746B}.Release|x86.ActiveCfg = Release|Any CPU
		{FEB2CDBC-477D-466C-8017-3FEBD6A2746B}.Release|x86.Build.0 = Release|Any CPU
		{C6760B17-8190-48B0-98BF-B9711B7B12FC}.Debug|Any CPU.ActiveCfg = Debug|Any CPU
		{C6760B17-8190-48B0-98BF-B9711B7B12FC}.Debug|Any CPU.Build.0 = Debug|Any CPU
		{C6760B17-8190-48B0-98BF-B9711B7B12FC}.Debug|x64.ActiveCfg = Debug|Any CPU
		{C6760B17-8190-48B0-98BF-B9711B7B12FC}.Debug|x64.Build.0 = Debug|Any CPU
		{C6760B17-8190-48B0-98BF-B9711B7B12FC}.Debug|x86.ActiveCfg = Debug|Any CPU
		{C6760B17-8190-48B0-98BF-B9711B7B12FC}.Debug|x86.Build.0 = Debug|Any CPU
		{C6760B17-8190-48B0-98BF-B9711B7B12FC}.Release|Any CPU.ActiveCfg = Release|Any CPU
		{C6760B17-8190-48B0-98BF-B9711B7B12FC}.Release|Any CPU.Build.0 = Release|Any CPU
		{C6760B17-8190-48B0-98BF-B9711B7B12FC}.Release|x64.ActiveCfg = Release|Any CPU
		{C6760B17-8190-48B0-98BF-B9711B7B12FC}.Release|x64.Build.0 = Release|Any CPU
		{C6760B17-8190-48B0-98BF-B9711B7B12FC}.Release|x86.ActiveCfg = Release|Any CPU
		{C6760B17-8190-48B0-98BF-B9711B7B12FC}.Release|x86.Build.0 = Release|Any CPU
		{E5324CFA-CDB8-491A-BE53-83D87E643DF9}.Debug|Any CPU.ActiveCfg = Debug|Any CPU
		{E5324CFA-CDB8-491A-BE53-83D87E643DF9}.Debug|Any CPU.Build.0 = Debug|Any CPU
		{E5324CFA-CDB8-491A-BE53-83D87E643DF9}.Debug|x64.ActiveCfg = Debug|Any CPU
		{E5324CFA-CDB8-491A-BE53-83D87E643DF9}.Debug|x64.Build.0 = Debug|Any CPU
		{E5324CFA-CDB8-491A-BE53-83D87E643DF9}.Debug|x86.ActiveCfg = Debug|Any CPU
		{E5324CFA-CDB8-491A-BE53-83D87E643DF9}.Debug|x86.Build.0 = Debug|Any CPU
		{E5324CFA-CDB8-491A-BE53-83D87E643DF9}.Release|Any CPU.ActiveCfg = Release|Any CPU
		{E5324CFA-CDB8-491A-BE53-83D87E643DF9}.Release|Any CPU.Build.0 = Release|Any CPU
		{E5324CFA-CDB8-491A-BE53-83D87E643DF9}.Release|x64.ActiveCfg = Release|Any CPU
		{E5324CFA-CDB8-491A-BE53-83D87E643DF9}.Release|x64.Build.0 = Release|Any CPU
		{E5324CFA-CDB8-491A-BE53-83D87E643DF9}.Release|x86.ActiveCfg = Release|Any CPU
		{E5324CFA-CDB8-491A-BE53-83D87E643DF9}.Release|x86.Build.0 = Release|Any CPU
		{0CCB0464-EA4F-4C7C-8C80-F256AC4EEC46}.Debug|Any CPU.ActiveCfg = Debug|Any CPU
		{0CCB0464-EA4F-4C7C-8C80-F256AC4EEC46}.Debug|Any CPU.Build.0 = Debug|Any CPU
		{0CCB0464-EA4F-4C7C-8C80-F256AC4EEC46}.Debug|x64.ActiveCfg = Debug|Any CPU
		{0CCB0464-EA4F-4C7C-8C80-F256AC4EEC46}.Debug|x64.Build.0 = Debug|Any CPU
		{0CCB0464-EA4F-4C7C-8C80-F256AC4EEC46}.Debug|x86.ActiveCfg = Debug|Any CPU
		{0CCB0464-EA4F-4C7C-8C80-F256AC4EEC46}.Debug|x86.Build.0 = Debug|Any CPU
		{0CCB0464-EA4F-4C7C-8C80-F256AC4EEC46}.Release|Any CPU.ActiveCfg = Release|Any CPU
		{0CCB0464-EA4F-4C7C-8C80-F256AC4EEC46}.Release|Any CPU.Build.0 = Release|Any CPU
		{0CCB0464-EA4F-4C7C-8C80-F256AC4EEC46}.Release|x64.ActiveCfg = Release|Any CPU
		{0CCB0464-EA4F-4C7C-8C80-F256AC4EEC46}.Release|x64.Build.0 = Release|Any CPU
		{0CCB0464-EA4F-4C7C-8C80-F256AC4EEC46}.Release|x86.ActiveCfg = Release|Any CPU
		{0CCB0464-EA4F-4C7C-8C80-F256AC4EEC46}.Release|x86.Build.0 = Release|Any CPU
		{92859495-427B-4B27-B057-0C6755C64E36}.Debug|Any CPU.ActiveCfg = Debug|Any CPU
		{92859495-427B-4B27-B057-0C6755C64E36}.Debug|Any CPU.Build.0 = Debug|Any CPU
		{92859495-427B-4B27-B057-0C6755C64E36}.Debug|x64.ActiveCfg = Debug|Any CPU
		{92859495-427B-4B27-B057-0C6755C64E36}.Debug|x64.Build.0 = Debug|Any CPU
		{92859495-427B-4B27-B057-0C6755C64E36}.Debug|x86.ActiveCfg = Debug|Any CPU
		{92859495-427B-4B27-B057-0C6755C64E36}.Debug|x86.Build.0 = Debug|Any CPU
		{92859495-427B-4B27-B057-0C6755C64E36}.Release|Any CPU.ActiveCfg = Release|Any CPU
		{92859495-427B-4B27-B057-0C6755C64E36}.Release|Any CPU.Build.0 = Release|Any CPU
		{92859495-427B-4B27-B057-0C6755C64E36}.Release|x64.ActiveCfg = Release|Any CPU
		{92859495-427B-4B27-B057-0C6755C64E36}.Release|x64.Build.0 = Release|Any CPU
		{92859495-427B-4B27-B057-0C6755C64E36}.Release|x86.ActiveCfg = Release|Any CPU
		{92859495-427B-4B27-B057-0C6755C64E36}.Release|x86.Build.0 = Release|Any CPU
		{E9400E1B-D41A-4A8E-895C-249CCE0E983F}.Debug|Any CPU.ActiveCfg = Debug|Any CPU
		{E9400E1B-D41A-4A8E-895C-249CCE0E983F}.Debug|Any CPU.Build.0 = Debug|Any CPU
		{E9400E1B-D41A-4A8E-895C-249CCE0E983F}.Debug|x64.ActiveCfg = Debug|Any CPU
		{E9400E1B-D41A-4A8E-895C-249CCE0E983F}.Debug|x64.Build.0 = Debug|Any CPU
		{E9400E1B-D41A-4A8E-895C-249CCE0E983F}.Debug|x86.ActiveCfg = Debug|Any CPU
		{E9400E1B-D41A-4A8E-895C-249CCE0E983F}.Debug|x86.Build.0 = Debug|Any CPU
		{E9400E1B-D41A-4A8E-895C-249CCE0E983F}.Release|Any CPU.ActiveCfg = Release|Any CPU
		{E9400E1B-D41A-4A8E-895C-249CCE0E983F}.Release|Any CPU.Build.0 = Release|Any CPU
		{E9400E1B-D41A-4A8E-895C-249CCE0E983F}.Release|x64.ActiveCfg = Release|Any CPU
		{E9400E1B-D41A-4A8E-895C-249CCE0E983F}.Release|x64.Build.0 = Release|Any CPU
		{E9400E1B-D41A-4A8E-895C-249CCE0E983F}.Release|x86.ActiveCfg = Release|Any CPU
		{E9400E1B-D41A-4A8E-895C-249CCE0E983F}.Release|x86.Build.0 = Release|Any CPU
		{904D92C8-436F-43AE-99E4-A07E160B3DF6}.Debug|Any CPU.ActiveCfg = Debug|Any CPU
		{904D92C8-436F-43AE-99E4-A07E160B3DF6}.Debug|Any CPU.Build.0 = Debug|Any CPU
		{904D92C8-436F-43AE-99E4-A07E160B3DF6}.Debug|x64.ActiveCfg = Debug|Any CPU
		{904D92C8-436F-43AE-99E4-A07E160B3DF6}.Debug|x64.Build.0 = Debug|Any CPU
		{904D92C8-436F-43AE-99E4-A07E160B3DF6}.Debug|x86.ActiveCfg = Debug|Any CPU
		{904D92C8-436F-43AE-99E4-A07E160B3DF6}.Debug|x86.Build.0 = Debug|Any CPU
		{904D92C8-436F-43AE-99E4-A07E160B3DF6}.Release|Any CPU.ActiveCfg = Release|Any CPU
		{904D92C8-436F-43AE-99E4-A07E160B3DF6}.Release|Any CPU.Build.0 = Release|Any CPU
		{904D92C8-436F-43AE-99E4-A07E160B3DF6}.Release|x64.ActiveCfg = Release|Any CPU
		{904D92C8-436F-43AE-99E4-A07E160B3DF6}.Release|x64.Build.0 = Release|Any CPU
		{904D92C8-436F-43AE-99E4-A07E160B3DF6}.Release|x86.ActiveCfg = Release|Any CPU
		{904D92C8-436F-43AE-99E4-A07E160B3DF6}.Release|x86.Build.0 = Release|Any CPU
		{B66E1999-6687-403B-8210-F862AC3DD850}.Debug|Any CPU.ActiveCfg = Debug|Any CPU
		{B66E1999-6687-403B-8210-F862AC3DD850}.Debug|Any CPU.Build.0 = Debug|Any CPU
		{B66E1999-6687-403B-8210-F862AC3DD850}.Debug|x64.ActiveCfg = Debug|Any CPU
		{B66E1999-6687-403B-8210-F862AC3DD850}.Debug|x64.Build.0 = Debug|Any CPU
		{B66E1999-6687-403B-8210-F862AC3DD850}.Debug|x86.ActiveCfg = Debug|Any CPU
		{B66E1999-6687-403B-8210-F862AC3DD850}.Debug|x86.Build.0 = Debug|Any CPU
		{B66E1999-6687-403B-8210-F862AC3DD850}.Release|Any CPU.ActiveCfg = Release|Any CPU
		{B66E1999-6687-403B-8210-F862AC3DD850}.Release|Any CPU.Build.0 = Release|Any CPU
		{B66E1999-6687-403B-8210-F862AC3DD850}.Release|x64.ActiveCfg = Release|Any CPU
		{B66E1999-6687-403B-8210-F862AC3DD850}.Release|x64.Build.0 = Release|Any CPU
		{B66E1999-6687-403B-8210-F862AC3DD850}.Release|x86.ActiveCfg = Release|Any CPU
		{B66E1999-6687-403B-8210-F862AC3DD850}.Release|x86.Build.0 = Release|Any CPU
		{77516DC4-9C41-4529-8069-6F82C0B9CAFD}.Debug|Any CPU.ActiveCfg = Debug|Any CPU
		{77516DC4-9C41-4529-8069-6F82C0B9CAFD}.Debug|Any CPU.Build.0 = Debug|Any CPU
		{77516DC4-9C41-4529-8069-6F82C0B9CAFD}.Debug|x64.ActiveCfg = Debug|Any CPU
		{77516DC4-9C41-4529-8069-6F82C0B9CAFD}.Debug|x64.Build.0 = Debug|Any CPU
		{77516DC4-9C41-4529-8069-6F82C0B9CAFD}.Debug|x86.ActiveCfg = Debug|Any CPU
		{77516DC4-9C41-4529-8069-6F82C0B9CAFD}.Debug|x86.Build.0 = Debug|Any CPU
		{77516DC4-9C41-4529-8069-6F82C0B9CAFD}.Release|Any CPU.ActiveCfg = Release|Any CPU
		{77516DC4-9C41-4529-8069-6F82C0B9CAFD}.Release|Any CPU.Build.0 = Release|Any CPU
		{77516DC4-9C41-4529-8069-6F82C0B9CAFD}.Release|x64.ActiveCfg = Release|Any CPU
		{77516DC4-9C41-4529-8069-6F82C0B9CAFD}.Release|x64.Build.0 = Release|Any CPU
		{77516DC4-9C41-4529-8069-6F82C0B9CAFD}.Release|x86.ActiveCfg = Release|Any CPU
		{77516DC4-9C41-4529-8069-6F82C0B9CAFD}.Release|x86.Build.0 = Release|Any CPU
		{41C68571-12C8-4B1D-B138-92BC04094736}.Debug|Any CPU.ActiveCfg = Debug|Any CPU
		{41C68571-12C8-4B1D-B138-92BC04094736}.Debug|Any CPU.Build.0 = Debug|Any CPU
		{41C68571-12C8-4B1D-B138-92BC04094736}.Debug|x64.ActiveCfg = Debug|Any CPU
		{41C68571-12C8-4B1D-B138-92BC04094736}.Debug|x64.Build.0 = Debug|Any CPU
		{41C68571-12C8-4B1D-B138-92BC04094736}.Debug|x86.ActiveCfg = Debug|Any CPU
		{41C68571-12C8-4B1D-B138-92BC04094736}.Debug|x86.Build.0 = Debug|Any CPU
		{41C68571-12C8-4B1D-B138-92BC04094736}.Release|Any CPU.ActiveCfg = Release|Any CPU
		{41C68571-12C8-4B1D-B138-92BC04094736}.Release|Any CPU.Build.0 = Release|Any CPU
		{41C68571-12C8-4B1D-B138-92BC04094736}.Release|x64.ActiveCfg = Release|Any CPU
		{41C68571-12C8-4B1D-B138-92BC04094736}.Release|x64.Build.0 = Release|Any CPU
		{41C68571-12C8-4B1D-B138-92BC04094736}.Release|x86.ActiveCfg = Release|Any CPU
		{41C68571-12C8-4B1D-B138-92BC04094736}.Release|x86.Build.0 = Release|Any CPU
		{8EFD9F48-F42F-497F-BE65-8C64B3BD3B20}.Debug|Any CPU.ActiveCfg = Debug|Any CPU
		{8EFD9F48-F42F-497F-BE65-8C64B3BD3B20}.Debug|Any CPU.Build.0 = Debug|Any CPU
		{8EFD9F48-F42F-497F-BE65-8C64B3BD3B20}.Debug|x64.ActiveCfg = Debug|Any CPU
		{8EFD9F48-F42F-497F-BE65-8C64B3BD3B20}.Debug|x64.Build.0 = Debug|Any CPU
		{8EFD9F48-F42F-497F-BE65-8C64B3BD3B20}.Debug|x86.ActiveCfg = Debug|Any CPU
		{8EFD9F48-F42F-497F-BE65-8C64B3BD3B20}.Debug|x86.Build.0 = Debug|Any CPU
		{8EFD9F48-F42F-497F-BE65-8C64B3BD3B20}.Release|Any CPU.ActiveCfg = Release|Any CPU
		{8EFD9F48-F42F-497F-BE65-8C64B3BD3B20}.Release|Any CPU.Build.0 = Release|Any CPU
		{8EFD9F48-F42F-497F-BE65-8C64B3BD3B20}.Release|x64.ActiveCfg = Release|Any CPU
		{8EFD9F48-F42F-497F-BE65-8C64B3BD3B20}.Release|x64.Build.0 = Release|Any CPU
		{8EFD9F48-F42F-497F-BE65-8C64B3BD3B20}.Release|x86.ActiveCfg = Release|Any CPU
		{8EFD9F48-F42F-497F-BE65-8C64B3BD3B20}.Release|x86.Build.0 = Release|Any CPU
		{1C078488-B608-423F-8FE7-6C4837611C56}.Debug|Any CPU.ActiveCfg = Debug|Any CPU
		{1C078488-B608-423F-8FE7-6C4837611C56}.Debug|Any CPU.Build.0 = Debug|Any CPU
		{1C078488-B608-423F-8FE7-6C4837611C56}.Debug|x64.ActiveCfg = Debug|Any CPU
		{1C078488-B608-423F-8FE7-6C4837611C56}.Debug|x64.Build.0 = Debug|Any CPU
		{1C078488-B608-423F-8FE7-6C4837611C56}.Debug|x86.ActiveCfg = Debug|Any CPU
		{1C078488-B608-423F-8FE7-6C4837611C56}.Debug|x86.Build.0 = Debug|Any CPU
		{1C078488-B608-423F-8FE7-6C4837611C56}.Release|Any CPU.ActiveCfg = Release|Any CPU
		{1C078488-B608-423F-8FE7-6C4837611C56}.Release|Any CPU.Build.0 = Release|Any CPU
		{1C078488-B608-423F-8FE7-6C4837611C56}.Release|x64.ActiveCfg = Release|Any CPU
		{1C078488-B608-423F-8FE7-6C4837611C56}.Release|x64.Build.0 = Release|Any CPU
		{1C078488-B608-423F-8FE7-6C4837611C56}.Release|x86.ActiveCfg = Release|Any CPU
		{1C078488-B608-423F-8FE7-6C4837611C56}.Release|x86.Build.0 = Release|Any CPU
	EndGlobalSection
	GlobalSection(SolutionProperties) = preSolution
		HideSolutionNode = FALSE
	EndGlobalSection
	GlobalSection(NestedProjects) = preSolution
		{7768889E-B7AF-4669-8447-80213B47E5BF} = {02EA681E-C7D8-13C7-8484-4AC65E1B71E8}
		{69791A5D-417D-4723-A358-2DD0B0ED1B2C} = {7768889E-B7AF-4669-8447-80213B47E5BF}
		{10B5EC75-6336-4142-8A12-A27780BCFF6A} = {7768889E-B7AF-4669-8447-80213B47E5BF}
		{3D1F8A2E-9B4C-4E5D-A6F7-8C2B0D3E1A9F} = {7768889E-B7AF-4669-8447-80213B47E5BF}
		{AAC1BA0C-3875-401A-BB11-58F472B6E39D} = {0F8DEA35-3CE1-459F-B1FE-D117EF81FA50}
		{FEB2CDBC-477D-466C-8017-3FEBD6A2746B} = {0F8DEA35-3CE1-459F-B1FE-D117EF81FA50}
		{C6760B17-8190-48B0-98BF-B9711B7B12FC} = {7C88419E-0A17-44B0-BD63-6F8B0679E269}
		{E5324CFA-CDB8-491A-BE53-83D87E643DF9} = {7C88419E-0A17-44B0-BD63-6F8B0679E269}
		{0CCB0464-EA4F-4C7C-8C80-F256AC4EEC46} = {7C88419E-0A17-44B0-BD63-6F8B0679E269}
		{92859495-427B-4B27-B057-0C6755C64E36} = {7C88419E-0A17-44B0-BD63-6F8B0679E269}
		{E9400E1B-D41A-4A8E-895C-249CCE0E983F} = {7C88419E-0A17-44B0-BD63-6F8B0679E269}
		{904D92C8-436F-43AE-99E4-A07E160B3DF6} = {EF2630C7-6381-49C3-83F1-56AA3BB53CEC}
		{B66E1999-6687-403B-8210-F862AC3DD850} = {7C88419E-0A17-44B0-BD63-6F8B0679E269}
		{77516DC4-9C41-4529-8069-6F82C0B9CAFD} = {7C88419E-0A17-44B0-BD63-6F8B0679E269}
		{41C68571-12C8-4B1D-B138-92BC04094736} = {7768889E-B7AF-4669-8447-80213B47E5BF}
		{8EFD9F48-F42F-497F-BE65-8C64B3BD3B20} = {EF2630C7-6381-49C3-83F1-56AA3BB53CEC}
	EndGlobalSection
	GlobalSection(ExtensibilityGlobals) = postSolution
		SolutionGuid = {31462918-BF56-44CD-9942-C0AA2A780703}
	EndGlobalSection
EndGlobal
